# This file is automatically @generated by Poetry 1.8.3 and should not be changed by hand.

[[package]]
name = "cbor2"
version = "6.1.0"
description = "CBOR (de)serializer with extensive tag support"
optional = false
python-versions = ">=3.10"
files = [
    {file = "cbor2-6.1.0-cp310-cp310-macosx_11_0_arm64.whl", hash = "sha256:9b0472da47777fef7b5b81c1773172026be47871f0ff8ba7258fc4b85f0c1630"},
    {file = "cbor2-6.1.0-cp310-cp310-manylinux_2_28_aarch64.whl", hash = "sha256:4294246096ff528981db137473ea90f99475f25be7e5e1e1c402bb468bc972fb"},
    {file = "cbor2-6.1.0-cp310-cp310-manylinux_2_28_x86_64.whl", hash = "sha256:c6c3f1134bcfac88a6af9e90f8984b7b241843e884b4a6e257f62e43b85a72b1"},
    {file = "cbor2-6.1.0-cp310-cp310-musllinux_1_2_aarch64.whl", hash = "sha256:ce5408ae99aa44eecb039437cf2c8370a4a129add990025782b1b1225f1f296e"},
    {file = "cbor2-6.1.0-cp310-cp310-musllinux_1_2_x86_64.whl", hash = "sha256:a5101ab7f0fac57b77c34def107e809759320549180bd5ed8662c67b2d708675"},
    {file = "cbor2-6.1.0-cp310-cp310-win32.whl", hash = "sha256:e54834a413553b34c628264c8bbbc073f96390e278b01a1711308565eb761208"},
    {file = "cbor2-6.1.0-cp310-cp310-win_amd64.whl", hash = "sha256:13191298a8ef34b35be4c81add189b055771cfbc51dddb94b7c475b4b085111d"},
    {file = "cbor2-6.1.0-cp310-cp310-win_arm64.whl", hash = "sha256:74458adcf2d5681b202c99009d81f7e815a1ebb65ba79ff7e386f21b4a761726"},
    {file = "cbor2-6.1.0-cp311-cp311-macosx_11_0_arm64.whl", hash = "sha256:bcb87ed40533434f229c5f9f6cdcbd54230adcae5205e219736beb72d9b2b10f"},
    {file = "cbor2-6.1.0-cp311-cp311-manylinux_2_28_aarch64.whl", hash = "sha256:42b48ac73494634de9e0b778f5048ead49f291eda793a9b95d0238053172c3f9"},
    {file = "cbor2-6.1.0-cp311-cp311-manylinux_2_28_x86_64.whl", hash = "sha256:9eb17decdb225f245ec404b718cf6b01dc95447aff6182c0a6c822a6c1e5a048"},
    {file = "cbor2-6.1.0-cp311-cp311-musllinux_1_2_aarch64.whl", hash = "sha256:344966e8899f548bfd31bf3c7f880b05a64369ace7ff74dec89f6687e2b74909"},
    {file = "cbor2-6.1.0-cp311-cp311-musllinux_1_2_x86_64.whl", hash = "sha256:618c24f8b578d84dab663770d4da6c6dd3b8a87a75bec48c8bfbd264c883a745"},
    {file = "cbor2-6.1.0-cp311-cp311-win32.whl", hash = "sha256:7c93f391dac11fb61c68f33e7fd5c23d96d0eb37fb45db83e381f9a9fd726979"},
    {file = "cbor2-6.1.0-cp311-cp311-win_amd64.whl", hash = "sha256:962d6379710e801ada58c47f13df8bdba41022db9fe77a9e7a59a421823cb773"},
    {file = "cbor2-6.1.0-cp311-cp311-win_arm64.whl", hash = "sha256:1f200815fa95cb119410655fda5f428f13a5b1877e710ca92c158fae98022483"},
    {file = "cbor2-6.1.0-cp312-cp312-macosx_11_0_arm64.whl", hash = "sha256:3f9013b20e13441d8b9f535631d38b1ff654af7f45af6423c4b7ddd8c494a967"},
    {file = "cbor2-6.1.0-cp312-cp312-manylinux_2_28_aarch64.whl", hash = "sha256:386758adf697172aa40fe4c81172ba858f32a6409e7dffa8541fdd790505b372"},
    {file = "cbor2-6.1.0-cp312-cp312-manylinux_2_28_x86_64.whl", hash = "sha256:1e905a4bb44c2a5eb465cfef374e3d6866d5b1b8923f4d387e5fae5eb985ccfd"},
    {file = "cbor2-6.1.0-cp312-cp312-musllinux_1_2_aarch64.whl", hash = "sha256:ebf05e8086b5afa6d829dd19d3fd1680217f043ded24a49c510a064df02fc4ed"},
    {file = "cbor2-6.1.0-cp312-cp312-musllinux_1_2_x86_64.whl", hash = "sha256:ba05594132277b4cadbb2e321ea6d1c84cc1cf1a38deaf2deb1a401f2e567d7f"},
    {file = "cbor2-6.1.0-cp312-cp312-win32.whl", hash = "sha256:927b7effc7eabdccca64240f87248e41792430efb5cc9b578b793d0a7b3616e1"},
    {file = "cbor2-6.1.0-cp312-cp312-win_amd64.whl", hash = "sha256:190dd9631e800900ecab301745fd4278c530fdb1e7fb0a56000e568e272dd13b"},
    {file = "cbor2-6.1.0-cp312-cp312-win_arm64.whl", hash = "sha256:23737b6a04a7cc0c216686c580cba70bc944ae8fcc13639c237489b4d693223c"},
    {file = "cbor2-6.1.0-cp313-cp313-macosx_11_0_arm64.whl", hash = "sha256:54d11fafdf6adf02c08c0ef20bdd11097c1a2c9a20b300c7fc66b07a85eb1a12"},
    {file = "cbor2-6.1.0-cp313-cp313-manylinux_2_28_aarch64.whl", hash = "sha256:0d3a629eb6747964e20132d78581177b3df381c345156751cc4cb4176a058ea4"},
    {file = "cbor2-6.1.0-cp313-cp313-manylinux_2_28_x86_64.whl", hash = "sha256:17f874920590da73d564092b813267c47493eec96e6765b72b5499500b9bff35"},
    {file = "cbor2-6.1.0-cp313-cp313-musllinux_1_2_aarch64.whl", hash = "sha256:a6f72aafa65184363e208aea5aacd81beafa07c9949e1c4d402ff46a76beb627"},
    {file = "cbor2-6.1.0-cp313-cp313-musllinux_1_2_x86_64.whl", hash = "sha256:032f06d4c04143db657c598470c3069406f897cd817c24c3b6aefb87cd1329b1"},
    {file = "cbor2-6.1.0-cp313-cp313-win32.whl", hash = "sha256:dbe926724deb339f35b247f6e24d82966076ef2c41c00066576f4c3d3630d731"},
    {file = "cbor2-6.1.0-cp313-cp313-win_amd64.whl", hash = "sha256:e9c35a71bf2f1d1405704839bfa590d1ea82125a2afda963e834c68548cad83f"},
    {file = "cbor2-6.1.0-cp313-cp313-win_arm64.whl", hash = "sha256:e713bbbd025683a096f5dbcd958b1b172a224d7f0bdcab45c138870f712bf281"},
    {file = "cbor2-6.1.0-cp314-cp314-macosx_11_0_arm64.whl", hash = "sha256:634b6b9bd1197946a88fcc10e49eb205a3fe663dcbffc068949444bd4d1c3522"},
    {file = "cbor2-6.1.0-cp314-cp314-manylinux_2_28_aarch64.whl", hash = "sha256:a313df1367d7f57259e59a86fa77ad6eaff957097738c12e860bee391558fe6a"},
    {file = "cbor2-6.1.0-cp314-cp314-manylinux_2_28_x86_64.whl", hash = "sha256:780c5c769e8cdca5ea26e1b0835e7a339fa9bd514ccdcecc948c4b189d8bf426"},
    {file = "cbor2-6.1.0-cp314-cp314-musllinux_1_2_aarch64.whl", hash = "sha256:32ca627b48114a47af97dc6f2ca55905835b8b1813e33efa4f9448cdfe5f9ec3"},
    {file = "cbor2-6.1.0-cp314-cp314-musllinux_1_2_x86_64.whl", hash = "sha256:75ab21a66189c99f0007685c9c40c3e2f37aed7e9d5c9015b39e20a2df2f4be4"},
    {file = "cbor2-6.1.0-cp314-cp314-win32.whl", hash = "sha256:b4ad2a13d11760045b32d74b662e3088635d81b3597c20e7ad41f4fd7da9271a"},
    {file = "cbor2-6.1.0-cp314-cp314-win_amd64.whl", hash = "sha256:893acbe1e1de7f1e3ba172d8cf0d37e7a631167cf40bd760280a7e01ed60344f"},
    {file = "cbor2-6.1.0-cp314-cp314-win_arm64.whl", hash = "sha256:29113addf431fd376fe6c269d2a7d16ef558f8575a450b83b3f433ed42b3d029"},
    {file = "cbor2-6.1.0-cp314-cp314t-macosx_11_0_arm64.whl", hash = "sha256:5be6ec0c838e429d02062b1252dca91086ace8849a6c61cfd3200e79192fc238"},
    {file = "cbor2-6.1.0-cp314-cp314t-manylinux_2_28_aarch64.whl", hash = "sha256:b001f272431555f9e61c93fd8fb76ced431e01fc6a672efc339a646d18a08fa5"},
    {file = "cbor2-6.1.0-cp314-cp314t-manylinux_2_28_x86_64.whl", hash = "sha256:9b691ae53eb6f708bc760685a72cc472fe21e899324d7a4bb0cd1a4aa64932cb"},
    {file = "cbor2-6.1.0-cp314-cp314t-musllinux_1_2_aarch64.whl", hash = "sha256:75532e16e8cd8f0637881ac254e689805f38cd7d08a1cbeeb09c21cb6a10d4f9"},
    {file = "cbor2-6.1.0-cp314-cp314t-musllinux_1_2_x86_64.whl", hash = "sha256:7310f218712795cb33432933d4c44cd0b2d455e4f822b59ce78d96a6a9714383"},
    {file = "cbor2-6.1.0-cp314-cp314t-win32.whl", hash = "sha256:c427f262ce7c3096a259c7dc599581d0a6648d84b268070cd4eaf8b3d0230753"},
    {file = "cbor2-6.1.0-cp314-cp314t-win_amd64.whl", hash = "sha256:ba12e97579d430f1169f853fa8e7b930cd7011abcdae63eb015f42856d0ea92f"},
    {file = "cbor2-6.1.0-cp314-cp314t-win_arm64.whl", hash = "sha256:3e8829dc8b3cd2000d5501018b1668162435eb56a5b77f5110c23b48547bd925"},
    {file = "cbor2-6.1.0.tar.gz", hash = "sha256:7a988431ef0e0e24dab2c701d78b48d23389c24b96a7c82dbd90353af335e141"},
]

[[package]]
name = "msgpack"
version = "1.1.2"
description = "MessagePack serializer"
optional = false
python-versions = ">=3.9"
files = [
    {file = "msgpack-1.1.2-cp310-cp310-macosx_10_9_x86_64.whl", hash = "sha256:0051fffef5a37ca2cd16978ae4f0aef92f164df86823871b5162812bebecd8e2"},
    {file = "msgpack-1.1.2-cp310-cp310-macosx_11_0_arm64.whl", hash = "sha256:a605409040f2da88676e9c9e5853b3449ba8011973616189ea5ee55ddbc5bc87"},
    {file = "msgpack-1.1.2-cp310-cp310-manylinux2014_aarch64.manylinux_2_17_aarch64.manylinux_2_28_aarch64.whl", hash = "sha256:8b696e83c9f1532b4af884045ba7f3aa741a63b2bc22617293a2c6a7c645f251"},
    {file = "msgpack-1.1.2-cp310-cp310-manylinux2014_x86_64.manylinux_2_17_x86_64.manylinux_2_28_x86_64.whl", hash = "sha256:365c0bbe981a27d8932da71af63ef86acc59ed5c01ad929e09a0b88c6294e28a"},
    {file = "msgpack-1.1.2-cp310-cp310-musllinux_1_2_aarch64.whl", hash = "sha256:41d1a5d875680166d3ac5c38573896453bbbea7092936d2e107214daf43b1d4f"},
    {file = "msgpack-1.1.2-cp310-cp310-musllinux_1_2_x86_64.whl", hash = "sha256:354e81bcdebaab427c3df4281187edc765d5d76bfb3a7c125af9da7a27e8458f"},
    {file = "msgpack-1.1.2-cp310-cp310-win32.whl", hash = "sha256:e64c8d2f5e5d5fda7b842f55dec6133260ea8f53c4257d64494c534f306bf7a9"},
    {file = "msgpack-1.1.2-cp310-cp310-win_amd64.whl", hash = "sha256:db6192777d943bdaaafb6ba66d44bf65aa0e9c5616fa1d2da9bb08828c6b39aa"},
    {file = "msgpack-1.1.2-cp311-cp311-macosx_10_9_x86_64.whl", hash = "sha256:2e86a607e558d22985d856948c12a3fa7b42efad264dca8a3ebbcfa2735d786c"},
    {file = "msgpack-1.1.2-cp311-cp311-macosx_11_0_arm64.whl", hash = "sha256:283ae72fc89da59aa004ba147e8fc2f766647b1251500182fac0350d8af299c0"},
    {file = "msgpack-1.1.2-cp311-cp311-manylinux2014_aarch64.manylinux_2_17_aarch64.manylinux_2_28_aarch64.whl", hash = "sha256:61c8aa3bd513d87c72ed0b37b53dd5c5a0f58f2ff9f26e1555d3bd7948fb7296"},
    {file = "msgpack-1.1.2-cp311-cp311-manylinux2014_x86_64.manylinux_2_17_x86_64.manylinux_2_28_x86_64.whl", hash = "sha256:454e29e186285d2ebe65be34629fa0e8605202c60fbc7c4c650ccd41870896ef"},
    {file = "msgpack-1.1.2-cp311-cp311-musllinux_1_2_aarch64.whl", hash = "sha256:7bc8813f88417599564fafa59fd6f95be417179f76b40325b500b3c98409757c"},
    {file = "msgpack-1.1.2-cp311-cp311-musllinux_1_2_x86_64.whl", hash = "sha256:bafca952dc13907bdfdedfc6a5f579bf4f292bdd506fadb38389afa3ac5b208e"},
    {file = "msgpack-1.1.2-cp311-cp311-win32.whl", hash = "sha256:602b6740e95ffc55bfb078172d279de3773d7b7db1f703b2f1323566b878b90e"},
    {file = "msgpack-1.1.2-cp311-cp311-win_amd64.whl", hash = "sha256:d198d275222dc54244bf3327eb8cbe00307d220241d9cec4d306d49a44e85f68"},
    {file = "msgpack-1.1.2-cp311-cp311-win_arm64.whl", hash = "sha256:86f8136dfa5c116365a8a651a7d7484b65b13339731dd6faebb9a0242151c406"},
    {file = "msgpack-1.1.2-cp312-cp312-macosx_10_13_x86_64.whl", hash = "sha256:70a0dff9d1f8da25179ffcf880e10cf1aad55fdb63cd59c9a49a1b82290062aa"},
    {file = "msgpack-1.1.2-cp312-cp312-macosx_11_0_arm64.whl", hash = "sha256:446abdd8b94b55c800ac34b102dffd2f6aa0ce643c55dfc017ad89347db3dbdb"},
    {file = "msgpack-1.1.2-cp312-cp312-manylinux2014_aarch64.manylinux_2_17_aarch64.manylinux_2_28_aarch64.whl", hash = "sha256:c63eea553c69ab05b6747901b97d620bb2a690633c77f23feb0c6a947a8a7b8f"},
    {file = "msgpack-1.1.2-cp312-cp312-manylinux2014_x86_64.manylinux_2_17_x86_64.manylinux_2_28_x86_64.whl", hash = "sha256:372839311ccf6bdaf39b00b61288e0557916c3729529b301c52c2d88842add42"},
    {file = "msgpack-1.1.2-cp312-cp312-musllinux_1_2_aarch64.whl", hash = "sha256:2929af52106ca73fcb28576218476ffbb531a036c2adbcf54a3664de124303e9"},
    {file = "msgpack-1.1.2-cp312-cp312-musllinux_1_2_x86_64.whl", hash = "sha256:be52a8fc79e45b0364210eef5234a7cf8d330836d0a64dfbb878efa903d84620"},
    {file = "msgpack-1.1.2-cp312-cp312-win32.whl", hash = "sha256:1fff3d825d7859ac888b0fbda39a42d59193543920eda9d9bea44d958a878029"},
    {file = "msgpack-1.1.2-cp312-cp312-win_amd64.whl", hash = "sha256:1de460f0403172cff81169a30b9a92b260cb809c4cb7e2fc79ae8d0510c78b6b"},
    {file = "msgpack-1.1.2-cp312-cp312-win_arm64.whl", hash = "sha256:be5980f3ee0e6bd44f3a9e9dea01054f175b50c3e6cdb692bc9424c0bbb8bf69"},
    {file = "msgpack-1.1.2-cp313-cp313-macosx_10_13_x86_64.whl", hash = "sha256:4efd7b5979ccb539c221a4c4e16aac1a533efc97f3b759bb5a5ac9f6d10383bf"},
    {file = "msgpack-1.1.2-cp313-cp313-macosx_11_0_arm64.whl", hash = "sha256:42eefe2c3e2af97ed470eec850facbe1b5ad1d6eacdbadc42ec98e7dcf68b4b7"},
    {file = "msgpack-1.1.2-cp313-cp313-manylinux2014_aarch64.manylinux_2_17_aarch64.manylinux_2_28_aarch64.whl", hash = "sha256:1fdf7d83102bf09e7ce3357de96c59b627395352a4024f6e2458501f158bf999"},
    {file = "msgpack-1.1.2-cp313-cp313-manylinux2014_x86_64.manylinux_2_17_x86_64.manylinux_2_28_x86_64.whl", hash = "sha256:fac4be746328f90caa3cd4bc67e6fe36ca2bf61d5c6eb6d895b6527e3f05071e"},
    {file = "msgpack-1.1.2-cp313-cp313-musllinux_1_2_aarch64.whl", hash = "sha256:fffee09044073e69f2bad787071aeec727183e7580443dfeb8556cbf1978d162"},
    {file = "msgpack-1.1.2-cp313-cp313-musllinux_1_2_x86_64.whl", hash = "sha256:5928604de9b032bc17f5099496417f113c45bc6bc21b5c6920caf34b3c428794"},
    {file = "msgpack-1.1.2-cp313-cp313-win32.whl", hash = "sha256:a7787d353595c7c7e145e2331abf8b7ff1e6673a6b974ded96e6d4ec09f00c8c"},
    {file = "msgpack-1.1.2-cp313-cp313-win_amd64.whl", hash = "sha256:a465f0dceb8e13a487e54c07d04ae3ba131c7c5b95e2612596eafde1dccf64a9"},
    {file = "msgpack-1.1.2-cp313-cp313-win_arm64.whl", hash = "sha256:e69b39f8c0aa5ec24b57737ebee40be647035158f14ed4b40e6f150077e21a84"},
    {file = "msgpack-1.1.2-cp314-cp314-macosx_10_13_x86_64.whl", hash = "sha256:e23ce8d5f7aa6ea6d2a2b326b4ba46c985dbb204523759984430db7114f8aa00"},
    {file = "msgpack-1.1.2-cp314-cp314-macosx_11_0_arm64.whl", hash = "sha256:6c15b7d74c939ebe620dd8e559384be806204d73b4f9356320632d783d1f7939"},
    {file = "msgpack-1.1.2-cp314-cp314-manylinux2014_aarch64.manylinux_2_17_aarch64.manylinux_2_28_aarch64.whl", hash = "sha256:99e2cb7b9031568a2a5c73aa077180f93dd2e95b4f8d3b8e14a73ae94a9e667e"},
    {file = "msgpack-1.1.2-cp314-cp314-manylinux2014_x86_64.manylinux_2_17_x86_64.manylinux_2_28_x86_64.whl", hash = "sha256:180759d89a057eab503cf62eeec0aa61c4ea1200dee709f3a8e9397dbb3b6931"},
    {file = "msgpack-1.1.2-cp314-cp314-musllinux_1_2_aarch64.whl", hash = "sha256:04fb995247a6e83830b62f0b07bf36540c213f6eac8e851166d8d86d83cbd014"},
    {file = "msgpack-1.1.2-cp314-cp314-musllinux_1_2_x86_64.whl", hash = "sha256:8e22ab046fa7ede9e36eeb4cfad44d46450f37bb05d5ec482b02868f451c95e2"},
    {file = "msgpack-1.1.2-cp314-cp314-win32.whl", hash = "sha256:80a0ff7d4abf5fecb995fcf235d4064b9a9a8a40a3ab80999e6ac1e30b702717"},
    {file = "msgpack-1.1.2-cp314-cp314-win_amd64.whl", hash = "sha256:9ade919fac6a3e7260b7f64cea89df6bec59104987cbea34d34a2fa15d74310b"},
    {file = "msgpack-1.1.2-cp314-cp314-win_arm64.whl", hash = "sha256:59415c6076b1e30e563eb732e23b994a61c159cec44deaf584e5cc1dd662f2af"},
    {file = "msgpack-1.1.2-cp314-cp314t-macosx_10_13_x86_64.whl", hash = "sha256:897c478140877e5307760b0ea66e0932738879e7aa68144d9b78ea4c8302a84a"},
    {file = "msgpack-1.1.2-cp314-cp314t-macosx_11_0_arm64.whl", hash = "sha256:a668204fa43e6d02f89dbe79a30b0d67238d9ec4c5bd8a940fc3a004a47b721b"},
    {file = "msgpack-1.1.2-cp314-cp314t-manylinux2014_aarch64.manylinux_2_17_aarch64.manylinux_2_28_aarch64.whl", hash = "sha256:5559d03930d3aa0f3aacb4c42c776af1a2ace2611871c84a75afe436695e6245"},
    {file = "msgpack-1.1.2-cp314-cp314t-manylinux2014_x86_64.manylinux_2_17_x86_64.manylinux_2_28_x86_64.whl", hash = "sha256:70c5a7a9fea7f036b716191c29047374c10721c389c21e9ffafad04df8c52c90"},
    {file = "msgpack-1.1.2-cp314-cp314t-musllinux_1_2_aarch64.whl", hash = "sha256:f2cb069d8b981abc72b41aea1c580ce92d57c673ec61af4c500153a626cb9e20"},
    {file = "msgpack-1.1.2-cp314-cp314t-musllinux_1_2_x86_64.whl", hash = "sha256:d62ce1f483f355f61adb5433ebfd8868c5f078d1a52d042b0a998682b4fa8c27"},
    {file = "msgpack-1.1.2-cp314-cp314t-win32.whl", hash = "sha256:1d1418482b1ee984625d88aa9585db570180c286d942da463533b238b98b812b"},
    {file = "msgpack-1.1.2-cp314-cp314t-win_amd64.whl", hash = "sha256:5a46bf7e831d09470ad92dff02b8b1ac92175ca36b087f904a0519857c6be3ff"},
    {file = "msgpack-1.1.2-cp314-cp314t-win_arm64.whl", hash = "sha256:d99ef64f349d5ec3293688e91486c5fdb925ed03807f64d98d205d2713c60b46"},
    {file = "msgpack-1.1.2-cp39-cp39-macosx_10_9_x86_64.whl", hash = "sha256:ea5405c46e690122a76531ab97a079e184c0daf491e588592d6a23d3e32af99e"},
    {file = "msgpack-1.1.2-cp39-cp39-macosx_11_0_arm64.whl", hash = "sha256:9fba231af7a933400238cb357ecccf8ab5d51535ea95d94fc35b7806218ff844"},
    {file = "msgpack-1.1.2-cp39-cp39-manylinux2014_aarch64.manylinux_2_17_aarch64.manylinux_2_28_aarch64.whl", hash = "sha256:a8f6e7d30253714751aa0b0c84ae28948e852ee7fb0524082e6716769124bc23"},
    {file = "msgpack-1.1.2-cp39-cp39-manylinux2014_x86_64.manylinux_2_17_x86_64.manylinux_2_28_x86_64.whl", hash = "sha256:94fd7dc7d8cb0a54432f296f2246bc39474e017204ca6f4ff345941d4ed285a7"},
    {file = "msgpack-1.1.2-cp39-cp39-musllinux_1_2_aarch64.whl", hash = "sha256:350ad5353a467d9e3b126d8d1b90fe05ad081e2e1cef5753f8c345217c37e7b8"},
    {file = "msgpack-1.1.2-cp39-cp39-musllinux_1_2_x86_64.whl", hash = "sha256:6bde749afe671dc44893f8d08e83bf475a1a14570d67c4bb5cec5573463c8833"},
    {file = "msgpack-1.1.2-cp39-cp39-win32.whl", hash = "sha256:ad09b984828d6b7bb52d1d1d0c9be68ad781fa004ca39216c8a1e63c0f34ba3c"},
    {file = "msgpack-1.1.2-cp39-cp39-win_amd64.whl", hash = "sha256:67016ae8c8965124fdede9d3769528ad8284f14d635337ffa6a713a580f6c030"},
    {file = "msgpack-1.1.2.tar.gz", hash = "sha256:3b60763c1373dd60f398488069bcdc703cd08a711477b5d480eecc9f9626f47e"},
]

[[package]]
name = "py-ubjson"
version = "0.16.1"
description = "Universal Binary JSON encoder/decoder"
optional = false
python-versions = "*"
files = [
    {file = "py-ubjson-0.16.1.tar.gz", hash = "sha256:b9bfb8695a1c7e3632e800fb83c943bf67ed45ddd87cd0344851610c69a5a482"},
]

[package.extras]
dev = ["Pympler (>=0.7,<0.8)", "coverage (>=4.5.3,<4.6)"]

[[package]]
name = "ruff"
version = "0.15.12"
description = "An extremely fast Python linter and code formatter, written in Rust."
optional = false
python-versions = ">=3.7"
files = [
    {file = "ruff-0.15.12-py3-none-linux_armv6l.whl", hash = "sha256:f86f176e188e94d6bdbc09f09bfd9dc729059ad93d0e7390b5a73efe19f8861c"},
    {file = "ruff-0.15.12-py3-none-macosx_10_12_x86_64.whl", hash = "sha256:e3bcd123364c3770b8e1b7baaf343cc99a35f197c5c6e8af79015c666c423a6c"},
    {file = "ruff-0.15.12-py3-none-macosx_11_0_arm64.whl", hash = "sha256:fe87510d000220aa1ed530d4448a7c696a0cae1213e5ec30e5874287b66557b5"},
    {file = "ruff-0.15.12-py3-none-manylinux_2_17_aarch64.manylinux2014_aarch64.whl", hash = "sha256:84a1630093121375a3e2a95b4a6dc7b59e2b4ee76216e32d81aae550a832d002"},
    {file = "ruff-0.15.12-py3-none-manylinux_2_17_armv7l.manylinux2014_armv7l.whl", hash = "sha256:fb129f40f114f089ebe0ca56c0d251cf2061b17651d464bb6478dc01e69f11f5"},
    {file = "ruff-0.15.12-py3-none-manylinux_2_17_i686.manylinux2014_i686.whl", hash = "sha256:b0c862b172d695db7598426b8af465e7e9ac00a3ea2a3630ee67eb82e366aaa6"},
    {file = "ruff-0.15.12-py3-none-manylinux_2_17_ppc64le.manylinux2014_ppc64le.whl", hash = "sha256:2849ea9f3484c3aca43a82f484210370319e7170df4dfe4843395ddf6c57bc33"},
    {file = "ruff-0.15.12-py3-none-manylinux_2_17_s390x.manylinux2014_s390x.whl", hash = "sha256:9e77c7e51c07fe396826d5969a5b846d9cd4c402535835fb6e21ce8b28fef847"},
    {file = "ruff-0.15.12-py3-none-manylinux_2_17_x86_64.manylinux2014_x86_64.whl", hash = "sha256:83b2f4f2f3b1026b5fb449b467d9264bf22067b600f7b6f41fc5958909f449d0"},
    {file = "ruff-0.15.12-py3-none-manylinux_2_31_riscv64.whl", hash = "sha256:9ba3b8f1afd7e2e43d8943e55f249e13f9682fde09711644a6e7290eb4f3e339"},
    {file = "ruff-0.15.12-py3-none-musllinux_1_2_aarch64.whl", hash = "sha256:e852ba9fdc890655e1d78f2df1499efbe0e54126bd405362154a75e2bde159c5"},
    {file = "ruff-0.15.12-py3-none-musllinux_1_2_armv7l.whl", hash = "sha256:dd8aed930da53780d22fc70bdf84452c843cf64f8cb4eb38984319c24c5cd5fd"},
    {file = "ruff-0.15.12-py3-none-musllinux_1_2_i686.whl", hash = "sha256:01da3988d225628b709493d7dc67c3b9b12c0210016b08690ef9bd27970b262b"},
    {file = "ruff-0.15.12-py3-none-musllinux_1_2_x86_64.whl", hash = "sha256:9cae0f92bd5700d1213188b31cd3bdd2b315361296d10b96b8e2337d3d11f53e"},
    {file = "ruff-0.15.12-py3-none-win32.whl", hash = "sha256:d0185894e038d7043ba8fd6aee7499ece6462dc0ea9f1e260c7451807c714c20"},
    {file = "ruff-0.15.12-py3-none-win_amd64.whl", hash = "sha256:c87a162d61ab3adca47c03f7f717c68672edec7d1b5499e652331780fe74950d"},
    {file = "ruff-0.15.12-py3-none-win_arm64.whl", hash = "sha256:a538f7a82d061cee7be55542aca1d86d1393d55d81d4fcc314370f4340930d4f"},
    {file = "ruff-0.15.12.tar.gz", hash = "sha256:ecea26adb26b4232c0c2ca19ccbc0083a68344180bba2a600605538ce51a40a6"},
]

[metadata]
lock-version = "2.0"
python-versions = "^3.11"
content-hash = "5c04b881ed1860260c059ba32c5391ec91eff0e86951ec00bcc5f99598fa8ad4"
